Items:
  sandstone:
    itemMaterial: SANDSTONE
    damage: 0
    display: Sandstone
    category: Block
    type: VANILLA
    collection:
      F1: chiseled_stone_bricks
      G2: pink_terracotta
      H2: black_terracotta
      A1: sandstone
      B2: sandstone_stairs
      C2: EndPortal1
      D2: sandstone_slab
      E1: RedstoneComparator2
      E4: blue_stained_glass_pane_diagonal
      D4: purple_stained_glass_pane
      A4: lime_stained_glass_pane_side
      B4: lime_stained_glass_pane_diagonal
      C4: lime_stained_glass_pane_pillar
      F4: sandstone_wall_pillar
      G4: sandstone_wall_side
      H4: sandstone_wall_diagonal
      I4: sandstone_wall_middle
      J4: sandstone_wall_middle_big
  EndPortal1:
    itemMaterial: DIAMOND_LEGGINGS
    damage: 96
    display: Sandstone 3/4 Block
    type: BLOCK
    blockData: minecraft:end_portal_frame[eye=false,facing=west]
    collection:
      indirect: sandstone
  sandstone_stairs:
    itemMaterial: SANDSTONE_STAIRS
    damage: 0
    display: Sandstone Stairs
    type: VANILLA
    collection:
      indirect: sandstone
  sandstone_slab:
    itemMaterial: SANDSTONE_SLAB
    damage: 0
    display: Sandstone Slab
    type: VANILLA
    collection:
      indirect: sandstone
  RedstoneComparator2:
    itemMaterial: DIAMOND_LEGGINGS
    damage: 65
    display: Sandstone Thin Slab
    type: BLOCK
    blockData: minecraft:comparator[facing=north,mode=compare,powered=false]
    collection:
      indirect: sandstone
  sandstone_wall_pillar:
    itemMaterial: DIAMOND_LEGGINGS
    damage: 134
    display: Sandstone Pillar
    type: BLOCK
    blockData: minecraft:sandstone_wall[east=none,north=none,south=none,up=true,waterlogged=false,west=none]
    collection:
      indirect: sandstone
  sandstone_wall_side:
    itemMaterial: DIAMOND_LEGGINGS
    damage: 135
    display: Vertical Sandstone Slab
    category: Block
    type: FOUR_DIRECTIONS
    blockDataNorth: minecraft:sandstone_wall[east=none,north=low,south=none,up=true,waterlogged=false,west=none]
    blockDataEast: minecraft:sandstone_wall[east=low,north=none,south=none,up=true,waterlogged=false,west=none]
    blockDataSouth: minecraft:sandstone_wall[east=none,north=none,south=low,up=true,waterlogged=false,west=none]
    blockDataWest: minecraft:sandstone_wall[east=none,north=none,south=none,up=true,waterlogged=false,west=low]
    collection:
      indirect: sandstone
  sandstone_wall_diagonal:
    itemMaterial: DIAMOND_LEGGINGS
    damage: 136
    display: Vertical Sandstone Stair
    type: FOUR_DIRECTIONS
    blockDataNorth: minecraft:sandstone_wall[east=none,north=low,south=none,up=true,waterlogged=false,west=low]
    blockDataEast: minecraft:sandstone_wall[east=low,north=low,south=none,up=true,waterlogged=false,west=none]
    blockDataSouth: minecraft:sandstone_wall[east=low,north=none,south=low,up=true,waterlogged=false,west=none]
    blockDataWest: minecraft:sandstone_wall[east=none,north=none,south=low,up=true,waterlogged=false,west=low]
    collection:
      indirect: sandstone
  chiseled_stone_bricks:
    itemMaterial: SANDSTONE_SLAB
    damage: 0
    display: Cut Sandstone
    category: Block
    type: VANILLA
    collection:
      indirect: sandstone
  pink_terracotta:
    itemMaterial: PINK_TERRACOTTA
    damage: 0
    display: Sandstone Engraved Cross
    category: Block
    type: VANILLA
    collection:
      indirect: sandstone
  black_terracotta:
    itemMaterial: BLACK_TERRACOTTA
    damage: 0
    display: Carved Sandstone
    type: VANILLA
    collection:
      indirect: sandstone
  lime_stained_glass_pane_side:
    itemMaterial: DIAMOND_LEGGINGS
    damage: 137
    display: Sandstone Pillar Side
    category: Block
    type: FOUR_DIRECTIONS
    blockDataNorth: minecraft:lime_stained_glass_pane[east=false,north=true,south=false,waterlogged=false,west=false]
    blockDataEast: minecraft:lime_stained_glass_pane[east=true,north=false,south=false,waterlogged=false,west=false]
    blockDataSouth: minecraft:lime_stained_glass_pane[east=false,north=false,south=true,waterlogged=false,west=false]
    blockDataWest: minecraft:lime_stained_glass_pane[east=false,north=false,south=false,waterlogged=false,west=true]
    collection:
      indirect: sandstone
  lime_stained_glass_pane_diagonal:
   itemMaterial: DIAMOND_LEGGINGS
   damage: 138
   display: Sandstone Pillar Diagonal
   type: FOUR_DIRECTIONS
   blockDataNorth: minecraft:lime_stained_glass_pane[east=false,north=true,south=false,waterlogged=false,west=true]
   blockDataEast: minecraft:lime_stained_glass_pane[east=true,north=true,south=false,waterlogged=false,west=false]
   blockDataSouth: minecraft:lime_stained_glass_pane[east=true,north=false,south=true,waterlogged=false,west=false]
   blockDataWest: minecraft:lime_stained_glass_pane[east=false,north=false,south=true,waterlogged=false,west=true]
   collection:
      indirect: sandstone
  lime_stained_glass_pane_pillar:
    itemMaterial: DIAMOND_LEGGINGS
    damage: 139
    display: Sandstone Pillar Thin
    type: BLOCK
    blockData: minecraft:lime_stained_glass_pane[east=true,north=true,south=true,waterlogged=false,west=true]
    collection:
      indirect: sandstone
  blue_stained_glass_pane_diagonal:
    itemMaterial: DIAMOND_LEGGINGS
    damage: 140
    display: Sandstone diagonal
    type: FOUR_DIRECTIONS
    blockDataNorth: minecraft:blue_stained_glass_pane[east=false,north=true,south=false,waterlogged=false,west=true]
    blockDataEast: minecraft:blue_stained_glass_pane[east=true,north=true,south=false,waterlogged=false,west=false]
    blockDataSouth: minecraft:blue_stained_glass_pane[east=true,north=false,south=true,waterlogged=false,west=false]
    blockDataWest: minecraft:blue_stained_glass_pane[east=false,north=false,south=true,waterlogged=false,west=true]
    collection:
      indirect: sandstone
  purple_stained_glass_pane:
    itemMaterial: DIAMOND_LEGGINGS
    damage: 141
    display: Sandstone Arch
    type: FOUR_DIRECTIONS
    blockDataSouth: minecraft:purple_stained_glass_pane[east=false,north=true,south=true,waterlogged=false,west=false]
    blockDataWest: minecraft:purple_stained_glass_pane[east=true,north=false,south=false,waterlogged=false,west=true]
    blockDataNorth: minecraft:magenta_stained_glass_pane[east=false,north=true,south=true,waterlogged=false,west=false]
    blockDataEast: minecraft:magenta_stained_glass_pane[east=true,north=false,south=false,waterlogged=false,west=true]
    collection:
      indirect: sandstone
  sandstone_wall_middle:
    itemMaterial: SANDSTONE_WALL
    damage: 0
    display: Sandstone Balustrade
    type: FOUR_DIRECTIONS
    blockDataNorth: minecraft:sandstone_wall[east=low,north=none,south=none,up=true,waterlogged=false,west=low]
    blockDataEast: minecraft:sandstone_wall[east=none,north=low,south=low,up=true,waterlogged=false,west=none]
    blockDataSouth: minecraft:sandstone_wall[east=low,north=none,south=none,up=true,waterlogged=false,west=low]
    blockDataWest: minecraft:sandstone_wall[east=none,north=low,south=low,up=true,waterlogged=false,west=none]
    collection:
      indirect: sandstone
  sandstone_wall_middle_big:
    itemMaterial: DIAMOND_LEGGINGS
    damage: 142
    display: Fancy Sandstone Pillar
    type: BLOCK
    blockData: sandstone_wall[east=low,north=low,south=low,up=true,waterlogged=false,west=low]
    collection:
      indirect: sandstone
  stone_bricks:
    itemMaterial: STONE_BRICKS
    damage: 0
    display: Small Bricks
    category: Block
    type: VANILLA
    collection:
      A0: red_mushroom_block_small_bricks_mossy   
      F1: dark_oak_planks
      G2: dark_oak_stairs
      H2: EndPortal5
      I2: dark_oak_slab
      J1: RedstoneComparator6
      E0: dark_oak_button
      A1: red_mushroom_block_small_bricks
      B2: stone_brick_stairs
      C2: EndPortal4
      D2: stone_brick_slab
      E1: RedstoneComparator5
      A4: stone_brick_wall_pillar
      B4: stone_brick_wall_side
      C4: stone_brick_wall_diagonal
      D4: stone_brick_wall_middle
      E4: stone_brick_middle_big
      F4: red_nether_brick_wall_pillar
      G4: red_nether_brick_wall_side
      H4: red_nether_brick_wall_diagonal
      I4: red_nether_brick_wall_middle
      J4: red_nether_brick_middle_big
  EndPortal4:
    itemMaterial: DIAMOND_LEGGINGS
    damage: 99
    display: Small Brick 3/4 Block
    type: BLOCK
    blockData: minecraft:end_portal_frame[eye=true,facing=south]
    collection:
      indirect: stone_bricks
  stone_brick_slab:
    itemMaterial: STONE_BRICK_SLAB
    damage: 0
    display: Small Brick Slab
    type: VANILLA
    collection:
      indirect: stone_bricks
  stone_brick_stairs:
    itemMaterial: STONE_BRICK_STAIRS
    damage: 0
    display: Small Brick Stairs
    type: VANILLA
    collection:
      indirect: stone_bricks
  RedstoneComparator5:
    itemMaterial: DIAMOND_LEGGINGS
    damage: 68
    display: Small Brick Thin Slab
    type: BLOCK
    blockData: minecraft:comparator[facing=west,mode=subtract,powered=false]
    collection:
      indirect: stone_bricks
  dark_oak_button:
    itemMaterial: DARK_OAK_BUTTON
    damage: 0
    display: Sandstone Button
    type: VANILLA
    collection:
      indirect: stone_bricks
  stone_brick_wall_pillar:
    itemMaterial: DIAMOND_LEGGINGS
    damage: 143
    display: Brick Pillar
    type: BLOCK
    blockData: minecraft:stone_brick_wall[east=none,north=none,south=none,up=true,waterlogged=false,west=none]
    collection:
      indirect: stone_bricks
  stone_brick_wall_side:
    itemMaterial: DIAMOND_LEGGINGS
    damage: 144
    display: Vertical Small Brick Slab
    category: Block
    type: FOUR_DIRECTIONS
    blockDataNorth: minecraft:stone_brick_wall[east=none,north=low,south=none,up=true,waterlogged=false,west=none]
    blockDataEast: minecraft:stone_brick_wall[east=low,north=none,south=none,up=true,waterlogged=false,west=none]
    blockDataSouth: minecraft:stone_brick_wall[east=none,north=none,south=low,up=true,waterlogged=false,west=none]
    blockDataWest: minecraft:stone_brick_wall[east=none,north=none,south=none,up=true,waterlogged=false,west=low]
    collection:
      indirect: stone_bricks
  stone_brick_wall_diagonal:
    itemMaterial: DIAMOND_LEGGINGS
    damage: 145
    display: Vertical Small Brick Stair
    type: FOUR_DIRECTIONS
    blockDataNorth: minecraft:stone_brick_wall[east=none,north=low,south=none,up=true,waterlogged=false,west=low]
    blockDataEast: minecraft:stone_brick_wall[east=low,north=low,south=none,up=true,waterlogged=false,west=none]
    blockDataSouth: minecraft:stone_brick_wall[east=low,north=none,south=low,up=true,waterlogged=false,west=none]
    blockDataWest: minecraft:stone_brick_wall[east=none,north=none,south=low,up=true,waterlogged=false,west=low]
    collection:
      indirect: stone_bricks
  stone_brick_wall_middle:
    itemMaterial: STONE_BRICK_WALL
    damage: 0
    display: Small Brick Balustrade
    type: FOUR_DIRECTIONS
    blockDataNorth: minecraft:stone_brick_wall[east=low,north=none,south=none,up=true,waterlogged=false,west=low]
    blockDataEast: minecraft:stone_brick_wall[east=none,north=low,south=low,up=true,waterlogged=false,west=none]
    blockDataSouth: minecraft:stone_brick_wall[east=low,north=none,south=none,up=true,waterlogged=false,west=low]
    blockDataWest: minecraft:stone_brick_wall[east=none,north=low,south=low,up=true,waterlogged=false,west=none]
    collection:
      indirect: stone_bricks
  red_mushroom_block_small_bricks:
    itemMaterial: DIAMOND_LEGGINGS
    damage: 125
    display: Small Brick Shiny
    category: Block
    type: BLOCK
    blockData: red_mushroom_block[down=false,east=true,north=true,south=false,up=false,west=true]
    collection:
      indirect: stone_bricks
  red_mushroom_block_small_bricks_mossy:
    itemMaterial: DIAMOND_LEGGINGS
    damage: 126
    display: Small Brick Mossy
    type: BLOCK
    blockData: red_mushroom_block[down=true,east=true,north=true,south=false,up=true,west=false]
    collection:
      indirect: stone_bricks
  stone_brick_middle_big:
    itemMaterial: DIAMOND_LEGGINGS
    damage: 146
    display: Fancy Small Brick Pillar
    type: BLOCK
    blockData: stone_brick_wall[east=low,north=low,south=low,up=true,waterlogged=false,west=low]
    collection:
      indirect: stone_bricks
  dark_oak_planks:
    itemMaterial: DARK_OAK_PLANKS
    damage: 0
    display: Tiny Bricks
    category: Block
    type: VANILLA
    collection:
      indirect: stone_bricks
  EndPortal5:
    itemMaterial: DIAMOND_LEGGINGS
    damage: 100
    display: Tiny Brick 3/4 Block
    type: BLOCK
    blockData: minecraft:end_portal_frame[eye=true,facing=west]
    collection:
      indirect: stone_bricks
  dark_oak_stairs:
    itemMaterial: DARK_OAK_STAIRS
    damage: 0
    display: Tiny Brick Stairs
    type: VANILLA
    collection:
      indirect: stone_bricks
  dark_oak_slab:
    itemMaterial: DARK_OAK_SLAB
    damage: 0
    display: Tiny Brick Slab
    type: VANILLA
    collection:
      indirect: stone_bricks
  RedstoneComparator6:
    itemMaterial: DIAMOND_LEGGINGS
    damage: 69
    display: Tiny Brick Thin Slab
    type: BLOCK
    blockData: minecraft:comparator[facing=north,mode=subtract,powered=false]
    collection:
      indirect: stone_bricks
  red_nether_brick_wall_pillar:
    itemMaterial: DIAMOND_LEGGINGS
    damage: 147
    display: Tiny Brick Pillar
    type: BLOCK
    blockData: minecraft:red_nether_brick_wall[east=none,north=none,south=none,up=true,waterlogged=false,west=none]
    collection:
      indirect: stone_bricks
  red_nether_brick_wall_side:
    itemMaterial: DIAMOND_LEGGINGS
    damage: 148
    display: Vertical Tiny Brick Slab
    type: FOUR_DIRECTIONS
    blockDataNorth: minecraft:red_nether_brick_wall[east=none,north=low,south=none,up=true,waterlogged=false,west=none]
    blockDataEast: minecraft:red_nether_brick_wall[east=low,north=none,south=none,up=true,waterlogged=false,west=none]
    blockDataSouth: minecraft:red_nether_brick_wall[east=none,north=none,south=low,up=true,waterlogged=false,west=none]
    blockDataWest: minecraft:red_nether_brick_wall[east=none,north=none,south=none,up=true,waterlogged=false,west=low]
    collection:
      indirect: stone_bricks
  red_nether_brick_wall_diagonal:
    itemMaterial: DIAMOND_LEGGINGS
    damage: 149
    display: Vertical Tiny Brick Stair
    type: FOUR_DIRECTIONS
    blockDataNorth: minecraft:red_nether_brick_wall[east=none,north=low,south=none,up=true,waterlogged=false,west=low]
    blockDataEast: minecraft:red_nether_brick_wall[east=low,north=low,south=none,up=true,waterlogged=false,west=none]
    blockDataSouth: minecraft:red_nether_brick_wall[east=low,north=none,south=low,up=true,waterlogged=false,west=none]
    blockDataWest: minecraft:red_nether_brick_wall[east=none,north=none,south=low,up=true,waterlogged=false,west=low]
    collection:
      indirect: stone_bricks
  red_nether_brick_wall_middle:
    itemMaterial: RED_NETHER_BRICK_WALL
    damage: 0
    display: Tiny Brick Balustrade
    type: FOUR_DIRECTIONS
    blockDataNorth: minecraft:red_nether_brick_wall[east=low,north=none,south=none,up=true,waterlogged=false,west=low]
    blockDataEast: minecraft:red_nether_brick_wall[east=none,north=low,south=low,up=true,waterlogged=false,west=none]
    blockDataSouth: minecraft:red_nether_brick_wall[east=low,north=none,south=none,up=true,waterlogged=false,west=low]
    blockDataWest: minecraft:red_nether_brick_wall[east=none,north=low,south=low,up=true,waterlogged=false,west=none]
    collection:
      indirect: stone_bricks
  red_nether_brick_middle_big:
    itemMaterial: DIAMOND_LEGGINGS
    damage: 150
    display: Fancy Tiny Brick Pillar
    type: BLOCK
    blockData: red_nether_brick_wall[east=low,north=low,south=low,up=true,waterlogged=false,west=low]
    collection:
      indirect: stone_bricks
  cobblestone:
    itemMaterial: COBBLESTONE
    damage: 0
    display: Cobblestone
    category: Block
    type: VANILLA
    collection:
      D2: mossy_stone_bricks_slab
      C2: mossy_stone_bricks_stairs
      B2: mossy_stone_bricks
      A1: weathered_stone
      A0: weathered_stone_1
      F1: cobblestone
      G2: cobblestone_stairs
      H2: EndPortal0
      I2: cobblestone_slab
      J1: RedstoneComparator1
      E1: red_mushroom_block_cobblestone_mossy
      A4: cobblestone_wall_pillar
      B4: cobblestone_wall_side
      C4: cobblestone_wall_diagonal
      D4: cobblestone_wall_middle
      E4: cobblestone_middle_big
      F4: pink_stained_glass_pane_side
      G4: pink_stained_glass_pane_diagonal
      H4: blue_stained_glass_pane_pillar
      I4: brown_stained_glass_pane_diagonal
      A3: mossy_stone_brick_wall_pillar
      B3: mossy_stone_brick_wall_side
      C3: mossy_stone_brick_wall_diagonal
      D3: mossy_stone_brick_wall_middle
      E3: mossy_stone_brick_middle_big
  cobblestone_stairs:
    itemMaterial: COBBLESTONE_STAIRS
    damage: 0
    display: Cobblestone Stairs
    type: VANILLA
    collection:
      indirect: cobblestone
  EndPortal0:
    itemMaterial: DIAMOND_LEGGINGS
    damage: 95
    display: Cobblestone 3/4 Block
    type: BLOCK
    blockData: minecraft:end_portal_frame[eye=false,facing=south]
    collection:
      indirect: cobblestone
  cobblestone_slab:
    itemMaterial: COBBLESTONE_SLAB
    damage: 0
    display: Cobblestone Slab
    type: VANILLA
    collection:
      indirect: cobblestone
  RedstoneComparator1:
    itemMaterial: DIAMOND_LEGGINGS
    damage: 64
    display: Cobblestone Thin Slab
    type: BLOCK
    blockData: minecraft:comparator[facing=west,mode=compare,powered=false]
    collection:
      indirect: cobblestone
  cobblestone_wall_pillar:
    itemMaterial: DIAMOND_LEGGINGS
    damage: 154
    display: Cobblestone Pillar
    type: BLOCK
    blockData: minecraft:cobblestone_wall[east=none,north=none,south=none,up=true,waterlogged=false,west=none]
    collection:
      indirect: cobblestone
  cobblestone_wall_side:
    itemMaterial: DIAMOND_LEGGINGS
    damage: 155
    display: Vertical Cobblestone Slab
    category: Block
    type: FOUR_DIRECTIONS
    blockDataNorth: minecraft:cobblestone_wall[east=none,north=low,south=none,up=true,waterlogged=false,west=none]
    blockDataEast: minecraft:cobblestone_wall[east=low,north=none,south=none,up=true,waterlogged=false,west=none]
    blockDataSouth: minecraft:cobblestone_wall[east=none,north=none,south=low,up=true,waterlogged=false,west=none]
    blockDataWest: minecraft:cobblestone_wall[east=none,north=none,south=none,up=true,waterlogged=false,west=low]
    collection:
      indirect: cobblestone
  cobblestone_wall_diagonal:
    itemMaterial: DIAMOND_LEGGINGS
    damage: 156
    display: Vertical Cobblestone Stair
    type: FOUR_DIRECTIONS
    blockDataNorth: minecraft:cobblestone_wall[east=none,north=low,south=none,up=true,waterlogged=false,west=low]
    blockDataEast: minecraft:cobblestone_wall[east=low,north=low,south=none,up=true,waterlogged=false,west=none]
    blockDataSouth: minecraft:cobblestone_wall[east=low,north=none,south=low,up=true,waterlogged=false,west=none]
    blockDataWest: minecraft:cobblestone_wall[east=none,north=none,south=low,up=true,waterlogged=false,west=low]
    collection:
      indirect: cobblestone
  cobblestone_wall_middle:
    itemMaterial: COBBLESTONE_WALL
    damage: 0
    display: Cobblestone Balustrade
    type: FOUR_DIRECTIONS
    blockDataNorth: minecraft:cobblestone_wall[east=low,north=none,south=none,up=true,waterlogged=false,west=low]
    blockDataEast: minecraft:cobblestone_wall[east=none,north=low,south=low,up=true,waterlogged=false,west=none]
    blockDataSouth: minecraft:cobblestone_wall[east=low,north=none,south=none,up=true,waterlogged=false,west=low]
    blockDataWest: minecraft:cobblestone_wall[east=none,north=low,south=low,up=true,waterlogged=false,west=none]
    collection:
      indirect: cobblestone
  cobblestone_middle_big:
    itemMaterial: DIAMOND_LEGGINGS
    damage: 157
    display: Fancy Cobblestone Pillar
    type: BLOCK
    blockData: cobblestone_wall[east=low,north=low,south=low,up=true,waterlogged=false,west=low]
    collection:
      indirect: cobblestone
  mossy_stone_bricks:
    itemMaterial: MOSSY_STONE_BRICKS
    damage: 0
    display: Dark Cobblestone
    category: Block
    type: VANILLA
    collection:
      indirect: cobblestone
  mossy_stone_brick_wall_pillar:
    itemMaterial: DIAMOND_LEGGINGS
    damage: 280
    display: Dark Cobblestone Pillar
    category: Block
    type: BLOCK
    blockData: minecraft:mossy_stone_brick_wall[east=none,north=none,south=none,up=true,waterlogged=false,west=none]
    collection:
      indirect: cobblestone
  mossy_stone_brick_wall_side:
    itemMaterial: DIAMOND_LEGGINGS
    damage: 281
    display: Vertical Dark Cobblestone Slab
    category: Block
    type: FOUR_DIRECTIONS
    blockDataNorth: minecraft:mossy_stone_brick_wall[east=none,north=low,south=none,up=true,waterlogged=false,west=none]
    blockDataEast: minecraft:mossy_stone_brick_wall[east=low,north=none,south=none,up=true,waterlogged=false,west=none]
    blockDataSouth: minecraft:mossy_stone_brick_wall[east=none,north=none,south=low,up=true,waterlogged=false,west=none]
    blockDataWest: minecraft:mossy_stone_brick_wall[east=none,north=none,south=none,up=true,waterlogged=false,west=low]
    collection:
      indirect: cobblestone
  mossy_stone_brick_wall_diagonal:
    itemMaterial: DIAMOND_LEGGINGS
    damage: 282
    display: Vertical Dark Cobblestone Stair
    type: FOUR_DIRECTIONS
    blockDataNorth: minecraft:mossy_stone_brick_wall[east=none,north=low,south=none,up=true,waterlogged=false,west=low]
    blockDataEast: minecraft:mossy_stone_brick_wall[east=low,north=low,south=none,up=true,waterlogged=false,west=none]
    blockDataSouth: minecraft:mossy_stone_brick_wall[east=low,north=none,south=low,up=true,waterlogged=false,west=none]
    blockDataWest: minecraft:mossy_stone_brick_wall[east=none,north=none,south=low,up=true,waterlogged=false,west=low]
    collection:
      indirect: cobblestone
  mossy_stone_brick_wall_middle:
    itemMaterial: MOSSY_STONE_BRICK_WALL
    damage: 0
    display: Dark Cobblestone Balustrade
    type: FOUR_DIRECTIONS
    blockDataNorth: minecraft:mossy_stone_brick_wall[east=none,north=low,south=low,up=true,waterlogged=false,west=none]
    blockDataEast: minecraft:mossy_stone_brick_wall[east=low,north=none,south=none,up=true,waterlogged=false,west=low]
    blockDataSouth: minecraft:mossy_stone_brick_wall[east=none,north=low,south=low,up=true,waterlogged=false,west=none]
    blockDataWest: minecraft:mossy_stone_brick_wall[east=low,north=none,south=none,up=true,waterlogged=false,west=low]
    collection:
      indirect: cobblestone
  mossy_stone_brick_middle_big:
    itemMaterial: DIAMOND_LEGGINGS
    damage: 283
    display: Fancy Dark Cobblestone Pillar
    type: BLOCK
    blockData: mossy_stone_brick_wall[east=low,north=low,south=low,up=true,waterlogged=false,west=low]
    collection:
      indirect: cobblestone
  mossy_stone_bricks_stairs:
    itemMaterial: MOSSY_STONE_BRICK_STAIRS
    damage: 0
    display: Dark Cobblestone Stair
    type: VANILLA
    collection:
      indirect: cobblestone
  mossy_stone_bricks_slab:
    itemMaterial: MOSSY_STONE_BRICK_SLAB
    damage: 0
    display: Dark Cobblestone Slab
    type: VANILLA
    collection:
      indirect: cobblestone
  blue_stained_glass_pane_pillar:
    itemMaterial: DIAMOND_LEGGINGS
    damage: 158
    display: Thin Dark Cobblestone Pillar
    type: BLOCK
    blockData: minecraft:blue_stained_glass_pane[east=true,north=true,south=true,waterlogged=false,west=true]
    collection:
      indirect: cobblestone
  brown_stained_glass_pane_diagonal:
    itemMaterial: DIAMOND_LEGGINGS
    damage: 159
    display: Dark Cobblestone Diagonal
    type: FOUR_DIRECTIONS
    blockDataNorth: minecraft:brown_stained_glass_pane[east=false,north=true,south=false,waterlogged=false,west=true]
    blockDataEast: minecraft:brown_stained_glass_pane[east=true,north=true,south=false,waterlogged=false,west=false]
    blockDataSouth: minecraft:brown_stained_glass_pane[east=true,north=false,south=true,waterlogged=false,west=false]
    blockDataWest: minecraft:brown_stained_glass_pane[east=false,north=false,south=true,waterlogged=false,west=true]
    collection:
      indirect: cobblestone
  pink_stained_glass_pane_side:
    itemMaterial: DIAMOND_LEGGINGS
    damage: 160
    display: Dark Cobblestone Pillar Side
    type: FOUR_DIRECTIONS
    blockDataNorth: minecraft:pink_stained_glass_pane[east=false,north=true,south=false,waterlogged=false,west=false]
    blockDataEast: minecraft:pink_stained_glass_pane[east=true,north=false,south=false,waterlogged=false,west=false]
    blockDataSouth: minecraft:pink_stained_glass_pane[east=false,north=false,south=true,waterlogged=false,west=false]
    blockDataWest: minecraft:pink_stained_glass_pane[east=false,north=false,south=false,waterlogged=false,west=true]
    collection:
      indirect: cobblestone
  pink_stained_glass_pane_diagonal:
    itemMaterial: DIAMOND_LEGGINGS
    damage: 254
    display: Dark Cobblestone Pillar Diagonal
    type: FOUR_DIRECTIONS
    blockDataNorth: minecraft:pink_stained_glass_pane[east=false,north=true,south=false,waterlogged=false,west=true]
    blockDataEast: minecraft:pink_stained_glass_pane[east=true,north=true,south=false,waterlogged=false,west=false]
    blockDataSouth: minecraft:pink_stained_glass_pane[east=true,north=false,south=true,waterlogged=false,west=false]
    blockDataWest: minecraft:pink_stained_glass_pane[east=false,north=false,south=true,waterlogged=false,west=true]
    collection:
      indirect: cobblestone
  red_mushroom_block_cobblestone_mossy:
    itemMaterial: DIAMOND_LEGGINGS
    damage: 127
    display: Mossy Cobblestone
    type: BLOCK
    blockData: minecraft:red_mushroom_block[down=true,east=false,north=true,south=false,up=true,west=true]
    collection:
      indirect: cobblestone
  weathered_stone:
    itemMaterial: DIAMOND_LEGGINGS
    damage: 128
    display: Weathered Stone Lower Corner
    category: Block
    type: FOUR_DIRECTIONS
    blockDataSouth: minecraft:red_mushroom_block[down=false,east=true,north=true,south=true,up=false,west=true]
    blockDataWest: minecraft:red_mushroom_block[down=true,east=true,north=true,south=true,up=true,west=true]
    blockDataNorth: minecraft:red_mushroom_block[down=false,east=true,north=true,south=true,up=true,west=true]
    blockDataEast: minecraft:red_mushroom_block[down=true,east=true,north=true,south=true,up=false,west=true]
    collection:
      indirect: cobblestone
  weathered_stone_1:
    itemMaterial: DIAMOND_LEGGINGS
    damage: 129
    display: Wheatered Stone Upper Corner
    type: FOUR_DIRECTIONS
    blockDataSouth: minecraft:red_mushroom_block[down=false,east=true,north=true,south=true,up=false,west=false]
    blockDataWest: minecraft:red_mushroom_block[down=true,east=true,north=true,south=true,up=true,west=false]
    blockDataNorth: minecraft:red_mushroom_block[down=false,east=true,north=true,south=true,up=true,west=false]
    blockDataEast: minecraft:red_mushroom_block[down=true,east=true,north=true,south=true,up=false,west=false]
    collection:
      indirect: cobblestone
  nether_bricks:
    itemMaterial: NETHER_BRICKS
    damage: 0
    display: Large Light Bricks
    category: Block
    type: VANILLA
    collection:
      E0: cyan_glazed_terracotta
      E1: red_mushroom_block_mossy_dark_bricks
      E2: red_mushroom_block_mossy_heavy_dark_bricks
      D2: RedstoneComparator3
      C2: brick_slab
      B2: EndPortal2
      A2: blackstone
      A1: brick_stairs
      A0: bricks
      F1: nether_bricks_stairs
      G2: EndPortal3
      H2: nether_bricks_slab
      I2: RedstoneComparator4
      J2: red_mushroom_block_mix_bricks
      J1: red_mushroom_block_mix_sandstone
      A4: brick_wall_pillar
      B4: brick_wall_side
      C4: brick_wall_diagonal
      D4: brick_wall_middle
      E4: brick_middle_big
      F3: stripped_birch_log
      G3: red_nether_bricks
      H3: red_nether_brick_stairs
      I3: red_nether_brick_slab
      F4: nether_brick_wall_pillar
      G4: nether_brick_wall_side
      H4: nether_brick_wall_diagonal
      I4: nether_brick_wall_middle
      J4: nether_brick_middle_big
  EndPortal3:
    itemMaterial: DIAMOND_LEGGINGS
    damage: 98
    display: Large Light Brick 3/4 Block
    type: BLOCK
    blockData: minecraft:end_portal_frame[eye=false,facing=east]
    collection:
      indirect: nether_bricks
  nether_bricks_stairs:
    itemMaterial: NETHER_BRICK_STAIRS
    damage: 0
    display: Large Light Brick stairs
    type: VANILLA
    collection:
      indirect: nether_bricks
  nether_bricks_slab:
    itemMaterial: NETHER_BRICK_SLAB
    damage: 0
    display: Large Light Brick slab
    type: VANILLA
    collection:
      indirect: nether_bricks
  RedstoneComparator4:
    itemMaterial: DIAMOND_LEGGINGS
    damage: 67
    display: Large Light Brick Thin Slab
    type: BLOCK
    blockData: minecraft:comparator[facing=south,mode=subtract,powered=false]
    collection:
      indirect: nether_bricks
  nether_brick_wall_pillar:
    itemMaterial: DIAMOND_LEGGINGS
    damage: 256
    display: Large Light Brick Pillar
    type: BLOCK
    blockData: minecraft:nether_brick_wall[east=none,north=none,south=none,up=true,waterlogged=false,west=none]
    collection:
      indirect: nether_bricks
  nether_brick_wall_side:
    itemMaterial: DIAMOND_LEGGINGS
    damage: 257
    display: Vertical Large Light Brick Slab
    category: Block
    type: FOUR_DIRECTIONS
    blockDataNorth: minecraft:nether_brick_wall[east=none,north=low,south=none,up=true,waterlogged=false,west=none]
    blockDataEast: minecraft:nether_brick_wall[east=low,north=none,south=none,up=true,waterlogged=false,west=none]
    blockDataSouth: minecraft:nether_brick_wall[east=none,north=none,south=low,up=true,waterlogged=false,west=none]
    blockDataWest: minecraft:nether_brick_wall[east=none,north=none,south=none,up=true,waterlogged=false,west=low]
    collection:
      indirect: nether_bricks
  cyan_glazed_terracotta:
    itemMaterial: CYAN_GLAZED_TERRACOTTA
    damage: 0
    display: Full Light Bricks
    category: Block
    type: VANILLA
    nextBlock: cyan_glazed_terracotta_cut
    collection:
      indirect: nether_bricks
  cyan_glazed_terracotta_cut:
    itemMaterial: CYAN_GLAZED_TERRACOTTA
    damage: 0
    display: Full Light Bricks Cut
    type: FOUR_DIRECTIONS
    blockDataNorth: minecraft:cyan_glazed_terracotta[facing=east]
    blockDataSouth: minecraft:cyan_glazed_terracotta[facing=east]
    blockDataEast: minecraft:cyan_glazed_terracotta[facing=north]
    blockDataWest: minecraft:cyan_glazed_terracotta[facing=north]
    nextBlock: cyan_glazed_terracotta
    collection:
      indirect: nether_bricks
  stripped_birch_log:
    itemMaterial: STRIPPED_BIRCH_LOG
    damage: 0
    display: Smooth Light Pillar
    category: Block
    type: VANILLA
    collection:
      indirect: nether_bricks
  nether_brick_wall_diagonal:
    itemMaterial: DIAMOND_LEGGINGS
    damage: 258
    display: Vertical Large Light Brick Stair
    type: FOUR_DIRECTIONS
    blockDataNorth: minecraft:nether_brick_wall[east=none,north=low,south=none,up=true,waterlogged=false,west=low]
    blockDataEast: minecraft:nether_brick_wall[east=low,north=low,south=none,up=true,waterlogged=false,west=none]
    blockDataSouth: minecraft:nether_brick_wall[east=low,north=none,south=low,up=true,waterlogged=false,west=none]
    blockDataWest: minecraft:nether_brick_wall[east=none,north=none,south=low,up=true,waterlogged=false,west=low]
    collection:
      indirect: nether_bricks
  nether_brick_wall_middle:
    itemMaterial: NETHER_BRICK_WALL
    damage: 0
    display: Large Light Brick Balustrade
    type: FOUR_DIRECTIONS
    blockDataNorth: minecraft:nether_brick_wall[east=low,north=none,south=none,up=true,waterlogged=false,west=low]
    blockDataEast: minecraft:nether_brick_wall[east=none,north=low,south=low,up=true,waterlogged=false,west=none]
    blockDataSouth: minecraft:nether_brick_wall[east=low,north=none,south=none,up=true,waterlogged=false,west=low]
    blockDataWest: minecraft:nether_brick_wall[east=none,north=low,south=low,up=true,waterlogged=false,west=none]
    collection:
      indirect: nether_bricks
  nether_brick_middle_big:
    itemMaterial: DIAMOND_LEGGINGS
    damage: 259
    display: Fancy Large Light Brick Pillar
    type: BLOCK
    blockData: nether_brick_wall[east=low,north=low,south=low,up=true,waterlogged=false,west=low]
    collection:
      indirect: nether_bricks
  red_nether_bricks:
    itemMaterial: RED_NETHER_BRICKS
    damage: 0
    display: Cracked Large Light Bricks
    type: VANILLA
    collection:
      indirect: nether_bricks
  red_nether_brick_stairs:
    itemMaterial: RED_NETHER_BRICK_STAIRS
    damage: 0
    display: Cracked Large Light Brick Stairs
    type: VANILLA
    collection:
      indirect: nether_bricks
  red_nether_brick_slab:
    itemMaterial: RED_NETHER_BRICK_SLAB
    damage: 0
    display: Cracked Large Light Brick Slab
    type: VANILLA
    collection:
      indirect: nether_bricks
  bricks:
    itemMaterial: BRICKS
    damage: 0
    display: Large Dark Bricks
    category: Block
    type: VANILLA
    collection:
      indirect: nether_bricks
  EndPortal2:
    itemMaterial: DIAMOND_LEGGINGS
    damage: 97
    display: Large Dark Bricks 3/4 Block
    type: BLOCK
    blockData: minecraft:end_portal_frame[eye=false,facing=north]
    collection:
      indirect: nether_bricks
  brick_stairs:
    itemMaterial: BRICK_STAIRS
    damage: 0
    display: Large Dark Brick Stairs
    type: VANILLA
    collection:
      indirect: nether_bricks
  brick_slab:
    itemMaterial: BRICK_SLAB
    damage: 0
    display: Large Dark Bricks Slab
    type: VANILLA
    collection:
      indirect: nether_bricks
  RedstoneComparator3:
    itemMaterial: DIAMOND_LEGGINGS
    damage: 66
    display: Large Dark Brick Thin Slab
    type: BLOCK
    blockData: minecraft:comparator[facing=east,mode=compare,powered=false]
    collection:
      indirect: nether_bricks
  brick_wall_pillar:
    itemMaterial: DIAMOND_LEGGINGS
    damage: 260
    display: Large Dark Brick Pillar
    type: BLOCK
    blockData: minecraft:brick_wall[east=none,north=none,south=none,up=true,waterlogged=false,west=none]
    collection:
      indirect: nether_bricks
  brick_wall_side:
    itemMaterial: DIAMOND_LEGGINGS
    damage: 261
    display: Vertical Large Dark Brick Slab
    category: Block
    type: FOUR_DIRECTIONS
    blockDataNorth: minecraft:brick_wall[east=none,north=low,south=none,up=true,waterlogged=false,west=none]
    blockDataEast: minecraft:brick_wall[east=low,north=none,south=none,up=true,waterlogged=false,west=none]
    blockDataSouth: minecraft:brick_wall[east=none,north=none,south=low,up=true,waterlogged=false,west=none]
    blockDataWest: minecraft:brick_wall[east=none,north=none,south=none,up=true,waterlogged=false,west=low]
    collection:
      indirect: nether_bricks
  brick_wall_diagonal:
    itemMaterial: DIAMOND_LEGGINGS
    damage: 262
    display: Vertical Large Dark Brick Stair
    type: FOUR_DIRECTIONS
    blockDataNorth: minecraft:brick_wall[east=none,north=low,south=none,up=true,waterlogged=false,west=low]
    blockDataEast: minecraft:brick_wall[east=low,north=low,south=none,up=true,waterlogged=false,west=none]
    blockDataSouth: minecraft:brick_wall[east=low,north=none,south=low,up=true,waterlogged=false,west=none]
    blockDataWest: minecraft:brick_wall[east=none,north=none,south=low,up=true,waterlogged=false,west=low]
    collection:
      indirect: nether_bricks
  brick_wall_middle:
    itemMaterial: BRICK_WALL
    damage: 0
    display: Large Dark Brick Balustrade
    type: FOUR_DIRECTIONS
    blockDataNorth: minecraft:brick_wall[east=low,north=none,south=none,up=true,waterlogged=false,west=low]
    blockDataEast: minecraft:brick_wall[east=none,north=low,south=low,up=true,waterlogged=false,west=none]
    blockDataSouth: minecraft:brick_wall[east=low,north=none,south=none,up=true,waterlogged=false,west=low]
    blockDataWest: minecraft:brick_wall[east=none,north=low,south=low,up=true,waterlogged=false,west=none]
    collection:
      indirect: nether_bricks
  brick_middle_big:
    itemMaterial: DIAMOND_LEGGINGS
    damage: 263
    display: Fancy Large Dark Brick Pillar
    type: BLOCK
    blockData: brick_wall[east=low,north=low,south=low,up=true,waterlogged=false,west=low]
    collection:
      indirect: nether_bricks
  blackstone:
    itemMaterial: BLACKSTONE
    damage: 0
    display: Mixed Large Dark Bricks
    category: Block
    type: VANILLA
    collection:
      indirect: nether_bricks 
  red_mushroom_block_mix_sandstone:
    itemMaterial: DIAMOND_LEGGINGS
    damage: 130
    display: Mixed Dark Bricks
    category: Block
    type: BLOCK
    blockData: red_mushroom_block[down=false,east=false,north=true,south=true,up=false,west=false]
    collection:
      indirect: nether_bricks
  red_mushroom_block_mix_bricks:
    itemMaterial: DIAMOND_LEGGINGS
    damage: 131
    display: Mixed Light Bricks
    type: BLOCK
    blockData: red_mushroom_block[down=true,east=false,north=true,south=true,up=false,west=false]
    collection:
      indirect: nether_bricks
  red_mushroom_block_mossy_heavy_dark_bricks:
    itemMaterial: DIAMOND_LEGGINGS
    damage: 132
    display: Heavy Mossy Dark Bricks
    type: BLOCK
    blockData: red_mushroom_block[down=true,east=true,north=true,south=false,up=false,west=true]
    collection:
      indirect: nether_bricks
  red_mushroom_block_mossy_dark_bricks:
    itemMaterial: DIAMOND_LEGGINGS
    damage: 133
    display: Mossy Dark Bricks
    type: BLOCK
    blockData: red_mushroom_block[down=false,east=true,north=true,south=false,up=true,west=true]
    collection:
      indirect: nether_bricks
  dark_prismarine:
    itemMaterial: DARK_PRISMARINE
    damage: 0
    display: Smooth Red Stone
    category: Block
    type: VANILLA
    collection:
      C0: dark_prismarine
      A1: light_gray_glazed_terracotta
      F1: stripped_oak_log
      G2: prismarine
      H2: prismarine_stairs
      I2: prismarine_slab
      J1: dark_prismarine_slab
      E1: dark_prismarine_stairs
      D2: prismarine_brick_slab
      C2: prismarine_brick_stairs
      B2: prismarine_bricks
  prismarine:
    itemMaterial: PRISMARINE
    damage: 0
    display: Large Red Bricks
    category: Block
    type: VANILLA
    collection:
      indirect: dark_prismarine
  prismarine_bricks:
    itemMaterial: PRISMARINE_BRICKS
    damage: 0
    display: Red Bricks
    category: Block
    type: VANILLA
    collection:
      indirect: dark_prismarine
  light_gray_glazed_terracotta:
    itemMaterial: LIGHT_GRAY_GLAZED_TERRACOTTA
    damage: 0
    display: Full Red Bricks
    category: Block
    type: VANILLA
    nextBlock: light_gray_glazed_terracotta_cut
    collection:
      indirect: dark_prismarine
  light_gray_glazed_terracotta_cut:
    itemMaterial: LIGHT_GRAY_GLAZED_TERRACOTTA
    damage: 0
    display: Full Red Bricks Cut
    type: FOUR_DIRECTIONS
    blockDataNorth: minecraft:light_gray_glazed_terracotta[facing=east]
    blockDataSouth: minecraft:light_gray_glazed_terracotta[facing=east]
    blockDataEast: minecraft:light_gray_glazed_terracotta[facing=north]
    blockDataWest: minecraft:light_gray_glazed_terracotta[facing=north]
    nextBlock: light_gray_glazed_terracotta
    collection:
      indirect: dark_prismarine
  stripped_oak_log:
    itemMaterial: STRIPPED_OAK_LOG
    damage: 0
    display: Smooth Red Pillar
    category: Block
    type: VANILLA
    collection:
      indirect: dark_prismarine
  #inside collection
  prismarine_stairs:
    itemMaterial: PRISMARINE_STAIRS
    damage: 0
    display: Large Red Brick Stairs
    type: VANILLA
    collection:
      indirect: dark_prismarine
  prismarine_slab:
    itemMaterial: PRISMARINE_SLAB
    damage: 0
    display: Large Red Brick Slab
    type: VANILLA
    collection:
      indirect: dark_prismarine
  dark_prismarine_slab:
    itemMaterial: DARK_PRISMARINE_SLAB
    damage: 0
    display: Smooth Red Stone Slab
    type: VANILLA
    collection:
      indirect: dark_prismarine
  dark_prismarine_stairs:
    itemMaterial: DARK_PRISMARINE_STAIRS
    damage: 0
    display: Smooth Red Stone Stairs
    type: VANILLA
    collection:
      indirect: dark_prismarine
  prismarine_brick_stairs:
    itemMaterial: PRISMARINE_BRICK_STAIRS
    damage: 0
    display: Red Brick Stairs
    type: VANILLA
    collection:
      indirect: dark_prismarine
  prismarine_brick_slab:
    itemMaterial: PRISMARINE_BRICK_SLAB
    damage: 0
    display: Red Brick Slab
    type: VANILLA
    collection:
      indirect: dark_prismarine
    
  
    